{"1.2.0",
[{<<"cowlib">>,{pkg,<<"cowlib">>,<<"2.7.3">>},1},
 {<<"goldrush">>,{pkg,<<"goldrush">>,<<"0.1.9">>},1},
 {<<"gun">>,{pkg,<<"gun">>,<<"1.3.3">>},0},
 {<<"http_signature">>,{pkg,<<"http_signature">>,<<"2.0.0">>},0},
 {<<"jsx">>,{pkg,<<"jsx">>,<<"2.10.0">>},0},
 {<<"kerlberos">>,{pkg,<<"kerlberos">>,<<"1.1.1">>},0},
 {<<"lager">>,{pkg,<<"lager">>,<<"3.9.2">>},0},
 {<<"neotoma">>,{pkg,<<"neotoma">>,<<"1.7.3">>},1},
 {<<"pbkdf2">>,{pkg,<<"mc_pbkdf2">>,<<"2.2.0">>},1}]}.
[
{pkg_hash,[
 {<<"cowlib">>, <<"A7FFCD0917E6D50B4D5FB28E9E2085A0CEB3C97DEA310505F7460FF5ED764CE9">>},
 {<<"goldrush">>, <<"F06E5D5F1277DA5C413E84D5A2924174182FB108DABB39D5EC548B27424CD106">>},
 {<<"gun">>, <<"CF8B51BEB36C22B9C8DF1921E3F2BC4D2B1F68B49AD4FBC64E91875AA14E16B4">>},
 {<<"http_signature">>, <<"63B1FB9558A65CA3A0779AF43CBD140CDB3308DE3EB45D49E55B2DAB27437FBC">>},
 {<<"jsx">>, <<"77760560D6AC2B8C51FD4C980E9E19B784016AA70BE354CE746472C33BEB0B1C">>},
 {<<"kerlberos">>, <<"348F74C4A4F04450599917C4BE9D14ABF03BA96D14657688A7BB1B86A5783669">>},
 {<<"lager">>, <<"4CAB289120EB24964E3886BD22323CB5FEFE4510C076992A23AD18CF85413D8C">>},
 {<<"neotoma">>, <<"D8BD5404B73273989946E4F4F6D529E5C2088F5FA1CA790B4DBE81F4BE408E61">>},
 {<<"pbkdf2">>, <<"B589ED6457664322AC8CD31563F5909EE263023D40DE98C2ACADC14CF4A4E060">>}]},
{pkg_hash_ext,[
 {<<"cowlib">>, <<"1E1A3D176D52DAEBBECBBCDFD27C27726076567905C2A9D7398C54DA9D225761">>},
 {<<"goldrush">>, <<"99CB4128CFFCB3227581E5D4D803D5413FA643F4EB96523F77D9E6937D994CEB">>},
 {<<"gun">>, <<"3106CE167F9C9723F849E4FB54EA4A4D814E3996AE243A1C828B256E749041E0">>},
 {<<"http_signature">>, <<"0258BAB24C425139D8CD2B63FC5FE0AD239D1ACFF3D31228EE7D5E846D9D73AC">>},
 {<<"jsx">>, <<"9A83E3704807298016968DB506F9FAD0F027DE37546EB838B3AE1064C3A0AD62">>},
 {<<"kerlberos">>, <<"B8DC821838260C1711177BB226844A8870CDDAC87114971D93BBE1F3AB211361">>},
 {<<"lager">>, <<"7F904D9E87A8CB7E66156ED31768D1C8E26EBA1D54F4BC85B1AA4AC1F6340C28">>},
 {<<"neotoma">>, <<"2DA322B9B1567FFA0706A7F30F6BBBDE70835AE44A1050615F4B4A3D436E0F28">>},
 {<<"pbkdf2">>, <<"E9447952F55168AACC6B25D6A5A1D2A7E769540EF11767DDA99F6B8412B3B131">>}]}
].
