{"1.2.0",
[{<<"cowlib">>,{pkg,<<"cowlib">>,<<"2.15.0">>},1},
 {<<"goldrush">>,{pkg,<<"goldrush">>,<<"0.1.9">>},1},
 {<<"gun">>,{pkg,<<"gun">>,<<"2.2.0">>},0},
 {<<"http_signature">>,
  {git,"https://github.com/eait-itig/erlang-http_signature",
       {ref,"f4fe00af594f9c36160b65d016671ca7ddc6d266"}},
  0},
 {<<"jsx">>,{pkg,<<"jsx">>,<<"2.11.0">>},0},
 {<<"kerlberos">>,{pkg,<<"kerlberos">>,<<"1.1.4">>},0},
 {<<"lager">>,{pkg,<<"lager">>,<<"3.9.2">>},0},
 {<<"neotoma">>,{pkg,<<"neotoma">>,<<"1.7.3">>},1},
 {<<"pbkdf2">>,{pkg,<<"mc_pbkdf2">>,<<"2.2.1">>},1},
 {<<"ranch">>,{pkg,<<"ranch">>,<<"1.8.0">>},1}]}.
[
{pkg_hash,[
 {<<"cowlib">>, <<"3C97A318A933962D1C12B96AB7C1D728267D2C523C25A5B57B0F93392B6E9E25">>},
 {<<"goldrush">>, <<"F06E5D5F1277DA5C413E84D5A2924174182FB108DABB39D5EC548B27424CD106">>},
 {<<"gun">>, <<"B8F6B7D417E277D4C2B0DC3C07DFDF892447B087F1CC1CAFF9C0F556B884E33D">>},
 {<<"jsx">>, <<"08154624050333919B4AC1B789667D5F4DB166DC50E190C4D778D1587F102EE0">>},
 {<<"kerlberos">>, <<"AA9797968EB3EE48FB9E154BF4B68C82AF2DFC2231F441413003B9C4C12A72C6">>},
 {<<"lager">>, <<"4CAB289120EB24964E3886BD22323CB5FEFE4510C076992A23AD18CF85413D8C">>},
 {<<"neotoma">>, <<"D8BD5404B73273989946E4F4F6D529E5C2088F5FA1CA790B4DBE81F4BE408E61">>},
 {<<"pbkdf2">>, <<"D1AEA1C21BF4388B0BD5A5EE91B71B5001E8F470C8FD6542D9FCC62A593D39FF">>},
 {<<"ranch">>, <<"8C7A100A139FD57F17327B6413E4167AC559FBC04CA7448E9BE9057311597A1D">>}]},
{pkg_hash_ext,[
 {<<"cowlib">>, <<"4F00C879A64B4FE7C8FCB42A4281925E9FFDB928820B03C3AD325A617E857532">>},
 {<<"goldrush">>, <<"99CB4128CFFCB3227581E5D4D803D5413FA643F4EB96523F77D9E6937D994CEB">>},
 {<<"gun">>, <<"76022700C64287FEB4DF93A1795CFF6741B83FB37415C40C34C38D2A4645261A">>},
 {<<"jsx">>, <<"EED26A0D04D217F9EECEFFFB89714452556CF90EB38F290A27A4D45B9988F8C0">>},
 {<<"kerlberos">>, <<"029B6CFB8A451E9D5B1E081AEBDE26C6A84373FAD1594B127DE26FD58813B888">>},
 {<<"lager">>, <<"7F904D9E87A8CB7E66156ED31768D1C8E26EBA1D54F4BC85B1AA4AC1F6340C28">>},
 {<<"neotoma">>, <<"2DA322B9B1567FFA0706A7F30F6BBBDE70835AE44A1050615F4B4A3D436E0F28">>},
 {<<"pbkdf2">>, <<"2D96A60724156A270F4583964739BD253BE1B69491E342E5A1E56FECC76D1921">>},
 {<<"ranch">>, <<"49FBCFD3682FAB1F5D109351B61257676DA1A2FDBE295904176D5E521A2DDFE5">>}]}
].
